
Microsoft Visual Studio Solution File, Format Version 12.00
# Visual Studio Version 16
VisualStudioVersion = 16.0.32126.315
MinimumVisualStudioVersion = 10.0.40219.1
Project("{9A19103F-16F7-4668-BE54-9A1E7A4F7556}") = "RapidPay", "RapidPay.csproj", "{D30011B4-C36E-427E-9B66-DD1E98958595}"
EndProject
Global
	GlobalSection(SolutionConfigurationPlatforms) = preSolution
		Debug|Any CPU = Debug|Any CPU
		Release|Any CPU = Release|Any CPU
	EndGlobalSection
	GlobalSection(ProjectConfigurationPlatforms) = postSolution
		{D30011B4-C36E-427E-9B66-DD1E98958595}.Debug|Any CPU.ActiveCfg = Debug|Any CPU
		{D30011B4-C36E-427E-9B66-DD1E98958595}.Debug|Any CPU.Build.0 = Debug|Any CPU
		{D30011B4-C36E-427E-9B66-DD1E98958595}.Release|Any CPU.ActiveCfg = Release|Any CPU
		{D30011B4-C36E-427E-9B66-DD1E98958595}.Release|Any CPU.Build.0 = Release|Any CPU
	EndGlobalSection
	GlobalSection(SolutionProperties) = preSolution
		HideSolutionNode = FALSE
	EndGlobalSection
	GlobalSection(ExtensibilityGlobals) = postSolution
		SolutionGuid = {B97CA34C-D08A-452C-9B64-FA214F667716}
	EndGlobalSection
EndGlobal
